// !$*UTF8*$!
{
	archiveVersion = 1;
	classes = {
	};
	objectVersion = 46;
	objects = {

/* Begin PBXBuildFile section */
		66002DB41E0A5E8200BB4159 /* AppDelegate.swift in Sources */ = {isa = PBXBuildFile; fileRef = 66002DB31E0A5E8200BB4159 /* AppDelegate.swift */; };
		66002DB61E0A5E8200BB4159 /* ViewController.swift in Sources */ = {isa = PBXBuildFile; fileRef = 66002DB51E0A5E8200BB4159 /* ViewController.swift */; };
		66002DB91E0A5E8200BB4159 /* Main.storyboard in Resources */ = {isa = PBXBuildFile; fileRef = 66002DB71E0A5E8200BB4159 /* Main.storyboard */; };
		66002DBB1E0A5E8200BB4159 /* Assets.xcassets in Resources */ = {isa = PBXBuildFile; fileRef = 66002DBA1E0A5E8200BB4159 /* Assets.xcassets */; };
		66002DBE1E0A5E8200BB4159 /* LaunchScreen.storyboard in Resources */ = {isa = PBXBuildFile; fileRef = 66002DBC1E0A5E8200BB4159 /* LaunchScreen.storyboard */; };
		66002DC91E0A5E8200BB4159 /* NICTests.swift in Sources */ = {isa = PBXBuildFile; fileRef = 66002DC81E0A5E8200BB4159 /* NICTests.swift */; };
		66002DD41E0A5E8200BB4159 /* NICUITests.swift in Sources */ = {isa = PBXBuildFile; fileRef = 66002DD31E0A5E8200BB4159 /* NICUITests.swift */; };
/* End PBXBuildFile section */

/* Begin PBXContainerItemProxy section */
		66002DC51E0A5E8200BB4159 /* PBXContainerItemProxy */ = {
			isa = PBXContainerItemProxy;
			containerPortal = 66002DA81E0A5E8200BB4159 /* Project object */;
			proxyType = 1;
			remoteGlobalIDString = 66002DAF1E0A5E8200BB4159;
			remoteInfo = NIC;
		};
		66002DD01E0A5E8200BB4159 /* PBXContainerItemProxy */ = {
			isa = PBXContainerItemProxy;
			containerPortal = 66002DA81E0A5E8200BB4159 /* Project object */;
			proxyType = 1;
			remoteGlobalIDString = 66002DAF1E0A5E8200BB4159;
			remoteInfo = NIC;
		};
/* End PBXContainerItemProxy section */

/* Begin PBXFileReference section */
		66002DB01E0A5E8200BB4159 /* NIC.app */ = {isa = PBXFileReference; explicitFileType = wrapper.application; includeInIndex = 0; path = NIC.app; sourceTree = BUILT_PRODUCTS_DIR; };
		66002DB31E0A5E8200BB4159 /* AppDelegate.swift */ = {isa = PBXFileReference; lastKnownFileType = sourcecode.swift; path = AppDelegate.swift; sourceTree = "<group>"; };
		66002DB51E0A5E8200BB4159 /* ViewController.swift */ = {isa = PBXFileReference; lastKnownFileType = sourcecode.swift; path = ViewController.swift; sourceTree = "<group>"; };
		66002DB81E0A5E8200BB4159 /* Base */ = {isa = PBXFileReference; lastKnownFileType = file.storyboard; name = Base; path = Base.lproj/Main.storyboard; sourceTree = "<group>"; };
		66002DBA1E0A5E8200BB4159 /* Assets.xcassets */ = {isa = PBXFileReference; lastKnownFileType = folder.assetcatalog; path = Assets.xcassets; sourceTree = "<group>"; };
		66002DBD1E0A5E8200BB4159 /* Base */ = {isa = PBXFileReference; lastKnownFileType = file.storyboard; name = Base; path = Base.lproj/LaunchScreen.storyboard; sourceTree = "<group>"; };
		66002DBF1E0A5E8200BB4159 /* Info.plist */ = {isa = PBXFileReference; lastKnownFileType = text.plist.xml; path = Info.plist; sourceTree = "<group>"; };
		66002DC41E0A5E8200BB4159 /* NICTests.xctest */ = {isa = PBXFileReference; explicitFileType = wrapper.cfbundle; includeInIndex = 0; path = NICTests.xctest; sourceTree = BUILT_PRODUCTS_DIR; };
		66002DC81E0A5E8200BB4159 /* NICTests.swift */ = {isa = PBXFileReference; lastKnownFileType = sourcecode.swift; path = NICTests.swift; sourceTree = "<group>"; };
		66002DCA1E0A5E8200BB4159 /* Info.plist */ = {isa = PBXFileReference; lastKnownFileType = text.plist.xml; path = Info.plist; sourceTree = "<group>"; };
		66002DCF1E0A5E8200BB4159 /* NICUITests.xctest */ = {isa = PBXFileReference; explicitFileType = wrapper.cfbundle; includeInIndex = 0; path = NICUITests.xctest; sourceTree = BUILT_PRODUCTS_DIR; };
		66002DD31E0A5E8200BB4159 /* NICUITests.swift */ = {isa = PBXFileReference; lastKnownFileType = sourcecode.swift; path = NICUITests.swift; sourceTree = "<group>"; };
		66002DD51E0A5E8200BB4159 /* Info.plist */ = {isa = PBXFileReference; lastKnownFileType = text.plist.xml; path = Info.plist; sourceTree = "<group>"; };
/* End PBXFileReference section */

/* Begin PBXFrameworksBuildPhase section */
		66002DAD1E0A5E8200BB4159 /* Frameworks */ = {
			isa = PBXFrameworksBuildPhase;
			buildActionMask = 2147483647;
			files = (
			);
			runOnlyForDeploymentPostprocessing = 0;
		};
		66002DC11E0A5E8200BB4159 /* Frameworks */ = {
			isa = PBXFrameworksBuildPhase;
			buildActionMask = 2147483647;
			files = (
			);
			runOnlyForDeploymentPostprocessing = 0;
		};
		66002DCC1E0A5E8200BB4159 /* Frameworks */ = {
			isa = PBXFrameworksBuildPhase;
			buildActionMask = 2147483647;
			files = (
			);
			runOnlyForDeploymentPostprocessing = 0;
		};
/* End PBXFrameworksBuildPhase section */

/* Begin PBXGroup section */
		66002DA71E0A5E8200BB4159 = {
			isa = PBXGroup;
			children = (
				66002DB21E0A5E8200BB4159 /* NIC */,
				66002DC71E0A5E8200BB4159 /* NICTests */,
				66002DD21E0A5E8200BB4159 /* NICUITests */,
				66002DB11E0A5E8200BB4159 /* Products */,
			);
			sourceTree = "<group>";
		};
		66002DB11E0A5E8200BB4159 /* Products */ = {
			isa = PBXGroup;
			children = (
				66002DB01E0A5E8200BB4159 /* NIC.app */,
				66002DC41E0A5E8200BB4159 /* NICTests.xctest */,
				66002DCF1E0A5E8200BB4159 /* NICUITests.xctest */,
			);
			name = Products;
			sourceTree = "<group>";
		};
		66002DB21E0A5E8200BB4159 /* NIC */ = {
			isa = PBXGroup;
			children = (
				66002DB31E0A5E8200BB4159 /* AppDelegate.swift */,
				66002DB51E0A5E8200BB4159 /* ViewController.swift */,
				66002DB71E0A5E8200BB4159 /* Main.storyboard */,
				66002DBA1E0A5E8200BB4159 /* Assets.xcassets */,
				66002DBC1E0A5E8200BB4159 /* LaunchScreen.storyboard */,
				66002DBF1E0A5E8200BB4159 /* Info.plist */,
			);
			path = NIC;
			sourceTree = "<group>";
		};
		66002DC71E0A5E8200BB4159 /* NICTests */ = {
			isa = PBXGroup;
			children = (
				66002DC81E0A5E8200BB4159 /* NICTests.swift */,
				66002DCA1E0A5E8200BB4159 /* Info.plist */,
			);
			path = NICTests;
			sourceTree = "<group>";
		};
		66002DD21E0A5E8200BB4159 /* NICUITests */ = {
			isa = PBXGroup;
			children = (
				66002DD31E0A5E8200BB4159 /* NICUITests.swift */,
				66002DD51E0A5E8200BB4159 /* Info.plist */,
			);
			path = NICUITests;
			sourceTree = "<group>";
		};
/* End PBXGroup section */

/* Begin PBXNativeTarget section */
		66002DAF1E0A5E8200BB4159 /* NIC */ = {
			isa = PBXNativeTarget;
			buildConfigurationList = 66002DD81E0A5E8200BB4159 /* Build configuration list for PBXNativeTarget "NIC" */;
			buildPhases = (
				66002DAC1E0A5E8200BB4159 /* Sources */,
				66002DAD1E0A5E8200BB4159 /* Frameworks */,
				66002DAE1E0A5E8200BB4159 /* Resources */,
			);
			buildRules = (
			);
			dependencies = (
			);
			name = NIC;
			productName = NIC;
			productReference = 66002DB01E0A5E8200BB4159 /* NIC.app */;
			productType = "com.apple.product-type.application";
		};
		66002DC31E0A5E8200BB4159 /* NICTests */ = {
			isa = PBXNativeTarget;
			buildConfigurationList = 66002DDB1E0A5E8200BB4159 /* Build configuration list for PBXNativeTarget "NICTests" */;
			buildPhases = (
				66002DC01E0A5E8200BB4159 /* Sources */,
				66002DC11E0A5E8200BB4159 /* Frameworks */,
				66002DC21E0A5E8200BB4159 /* Resources */,
			);
			buildRules = (
			);
			dependencies = (
				66002DC61E0A5E8200BB4159 /* PBXTargetDependency */,
			);
			name = NICTests;
			productName = NICTests;
			productReference = 66002DC41E0A5E8200BB4159 /* NICTests.xctest */;
			productType = "com.apple.product-type.bundle.unit-test";
		};
		66002DCE1E0A5E8200BB4159 /* NICUITests */ = {
			isa = PBXNativeTarget;
			buildConfigurationList = 66002DDE1E0A5E8200BB4159 /* Build configuration list for PBXNativeTarget "NICUITests" */;
			buildPhases = (
				66002DCB1E0A5E8200BB4159 /* Sources */,
				66002DCC1E0A5E8200BB4159 /* Frameworks */,
				66002DCD1E0A5E8200BB4159 /* Resources */,
			);
			buildRules = (
			);
			dependencies = (
				66002DD11E0A5E8200BB4159 /* PBXTargetDependency */,
			);
			name = NICUITests;
			productName = NICUITests;
			productReference = 66002DCF1E0A5E8200BB4159 /* NICUITests.xctest */;
			productType = "com.apple.product-type.bundle.ui-testing";
		};
/* End PBXNativeTarget section */

/* Begin PBXProject section */
		66002DA81E0A5E8200BB4159 /* Project object */ = {
			isa = PBXProject;
			attributes = {
				LastSwiftUpdateCheck = 0820;
				LastUpgradeCheck = 0820;
				ORGANIZATIONNAME = "Zuhry Fayesz";
				TargetAttributes = {
					66002DAF1E0A5E8200BB4159 = {
						CreatedOnToolsVersion = 8.2.1;
						DevelopmentTeam = 8UM946Q2E5;
						ProvisioningStyle = Automatic;
					};
					66002DC31E0A5E8200BB4159 = {
						CreatedOnToolsVersion = 8.2.1;
						DevelopmentTeam = 8UM946Q2E5;
						ProvisioningStyle = Automatic;
						TestTargetID = 66002DAF1E0A5E8200BB4159;
					};
					66002DCE1E0A5E8200BB4159 = {
						CreatedOnToolsVersion = 8.2.1;
						DevelopmentTeam = 8UM946Q2E5;
						ProvisioningStyle = Automatic;
						TestTargetID = 66002DAF1E0A5E8200BB4159;
					};
				};
			};
			buildConfigurationList = 66002DAB1E0A5E8200BB4159 /* Build configuration list for PBXProject "NIC" */;
			compatibilityVersion = "Xcode 3.2";
			developmentRegion = English;
			hasScannedForEncodings = 0;
			knownRegions = (
				en,
				Base,
			);
			mainGroup = 66002DA71E0A5E8200BB4159;
			productRefGroup = 66002DB11E0A5E8200BB4159 /* Products */;
			projectDirPath = "";
			projectRoot = "";
			targets = (
				66002DAF1E0A5E8200BB4159 /* NIC */,
				66002DC31E0A5E8200BB4159 /* NICTests */,
				66002DCE1E0A5E8200BB4159 /* NICUITests */,
			);
		};
/* End PBXProject section */

/* Begin PBXResourcesBuildPhase section */
		66002DAE1E0A5E8200BB4159 /* Resources */ = {
			isa = PBXResourcesBuildPhase;
			buildActionMask = 2147483647;
			files = (
				66002DBE1E0A5E8200BB4159 /* LaunchScreen.storyboard in Resources */,
				66002DBB1E0A5E8200BB4159 /* Assets.xcassets in Resources */,
				66002DB91E0A5E8200BB4159 /* Main.storyboard in Resources */,
			);
			runOnlyForDeploymentPostprocessing = 0;
		};
		66002DC21E0A5E8200BB4159 /* Resources */ = {
			isa = PBXResourcesBuildPhase;
			buildActionMask = 2147483647;
			files = (
			);
			runOnlyForDeploymentPostprocessing = 0;
		};
		66002DCD1E0A5E8200BB4159 /* Resources */ = {
			isa = PBXResourcesBuildPhase;
			buildActionMask = 2147483647;
			files = (
			);
			runOnlyForDeploymentPostprocessing = 0;
		};
/* End PBXResourcesBuildPhase section */

/* Begin PBXSourcesBuildPhase section */
		66002DAC1E0A5E8200BB4159 /* Sources */ = {
			isa = PBXSourcesBuildPhase;
			buildActionMask = 2147483647;
			files = (
				66002DB61E0A5E8200BB4159 /* ViewController.swift in Sources */,
				66002DB41E0A5E8200BB4159 /* AppDelegate.swift in Sources */,
			);
			runOnlyForDeploymentPostprocessing = 0;
		};
		66002DC01E0A5E8200BB4159 /* Sources */ = {
			isa = PBXSourcesBuildPhase;
			buildActionMask = 2147483647;
			files = (
				66002DC91E0A5E8200BB4159 /* NICTests.swift in Sources */,
			);
			runOnlyForDeploymentPostprocessing = 0;
		};
		66002DCB1E0A5E8200BB4159 /* Sources */ = {
			isa = PBXSourcesBuildPhase;
			buildActionMask = 2147483647;
			files = (
				66002DD41E0A5E8200BB4159 /* NICUITests.swift in Sources */,
			);
			runOnlyForDeploymentPostprocessing = 0;
		};
/* End PBXSourcesBuildPhase section */

/* Begin PBXTargetDependency section */
		66002DC61E0A5E8200BB4159 /* PBXTargetDependency */ = {
			isa = PBXTargetDependency;
			target = 66002DAF1E0A5E8200BB4159 /* NIC */;
			targetProxy = 66002DC51E0A5E8200BB4159 /* PBXContainerItemProxy */;
		};
		66002DD11E0A5E8200BB4159 /* PBXTargetDependency */ = {
			isa = PBXTargetDependency;
			target = 66002DAF1E0A5E8200BB4159 /* NIC */;
			targetProxy = 66002DD01E0A5E8200BB4159 /* PBXContainerItemProxy */;
		};
/* End PBXTargetDependency section */

/* Begin PBXVariantGroup section */
		66002DB71E0A5E8200BB4159 /* Main.storyboard */ = {
			isa = PBXVariantGroup;
			children = (
				66002DB81E0A5E8200BB4159 /* Base */,
			);
			name = Main.storyboard;
			sourceTree = "<group>";
		};
		66002DBC1E0A5E8200BB4159 /* LaunchScreen.storyboard */ = {
			isa = PBXVariantGroup;
			children = (
				66002DBD1E0A5E8200BB4159 /* Base */,
			);
			name = LaunchScreen.storyboard;
			sourceTree = "<group>";
		};
/* End PBXVariantGroup section */

/* Begin XCBuildConfiguration section */
		66002DD61E0A5E8200BB4159 /* Debug */ = {
			isa = XCBuildConfiguration;
			buildSettings = {
				ALWAYS_SEARCH_USER_PATHS = NO;
				CLANG_ANALYZER_NONNULL = YES;
				CLANG_CXX_LANGUAGE_STANDARD = "gnu++0x";
				CLANG_CXX_LIBRARY = "libc++";
				CLANG_ENABLE_MODULES = YES;
				CLANG_ENABLE_OBJC_ARC = YES;
				CLANG_WARN_BOOL_CONVERSION = YES;
				CLANG_WARN_CONSTANT_CONVERSION = YES;
				CLANG_WARN_DIRECT_OBJC_ISA_USAGE = YES_ERROR;
				CLANG_WARN_DOCUMENTATION_COMMENTS = YES;
				CLANG_WARN_EMPTY_BODY = YES;
				CLANG_WARN_ENUM_CONVERSION = YES;
				CLANG_WARN_INFINITE_RECURSION = YES;
				CLANG_WARN_INT_CONVERSION = YES;
				CLANG_WARN_OBJC_ROOT_CLASS = YES_ERROR;
				CLANG_WARN_SUSPICIOUS_MOVE = YES;
				CLANG_WARN_UNREACHABLE_CODE = YES;
				CLANG_WARN__DUPLICATE_METHOD_MATCH = YES;
				"CODE_SIGN_IDENTITY[sdk=iphoneos*]" = "iPhone Developer";
				COPY_PHASE_STRIP = NO;
				DEBUG_INFORMATION_FORMAT = dwarf;
				ENABLE_STRICT_OBJC_MSGSEND = YES;
				ENABLE_TESTABILITY = YES;
				GCC_C_LANGUAGE_STANDARD = gnu99;
				GCC_DYNAMIC_NO_PIC = NO;
				GCC_NO_COMMON_BLOCKS = YES;
				GCC_OPTIMIZATION_LEVEL = 0;
				GCC_PREPROCESSOR_DEFINITIONS = (
					"DEBUG=1",
					"$(inherited)",
				);
				GCC_WARN_64_TO_32_BIT_CONVERSION = YES;
				GCC_WARN_ABOUT_RETURN_TYPE = YES_ERROR;
				GCC_WARN_UNDECLARED_SELECTOR = YES;
				GCC_WARN_UNINITIALIZED_AUTOS = YES_AGGRESSIVE;
				GCC_WARN_UNUSED_FUNCTION = YES;
				GCC_WARN_UNUSED_VARIABLE = YES;
				IPHONEOS_DEPLOYMENT_TARGET = 10.2;
				MTL_ENABLE_DEBUG_INFO = YES;
				ONLY_ACTIVE_ARCH = YES;
				SDKROOT = iphoneos;
				SWIFT_ACTIVE_COMPILATION_CONDITIONS = DEBUG;
				SWIFT_OPTIMIZATION_LEVEL = "-Onone";
			};
			name = Debug;
		};
		66002DD71E0A5E8200BB4159 /* Release */ = {
			isa = XCBuildConfiguration;
			buildSettings = {
				ALWAYS_SEARCH_USER_PATHS = NO;
				CLANG_ANALYZER_NONNULL = YES;
				CLANG_CXX_LANGUAGE_STANDARD = "gnu++0x";
				CLANG_CXX_LIBRARY = "libc++";
				CLANG_ENABLE_MODULES = YES;
				CLANG_ENABLE_OBJC_ARC = YES;
				CLANG_WARN_BOOL_CONVERSION = YES;
				CLANG_WARN_CONSTANT_CONVERSION = YES;
				CLANG_WARN_DIRECT_OBJC_ISA_USAGE = YES_ERROR;
				CLANG_WARN_DOCUMENTATION_COMMENTS = YES;
				CLANG_WARN_EMPTY_BODY = YES;
				CLANG_WARN_ENUM_CONVERSION = YES;
				CLANG_WARN_INFINITE_RECURSION = YES;
				CLANG_WARN_INT_CONVERSION = YES;
				CLANG_WARN_OBJC_ROOT_CLASS = YES_ERROR;
				CLANG_WARN_SUSPICIOUS_MOVE = YES;
				CLANG_WARN_UNREACHABLE_CODE = YES;
				CLANG_WARN__DUPLICATE_METHOD_MATCH = YES;
				"CODE_SIGN_IDENTITY[sdk=iphoneos*]" = "iPhone Developer";
				COPY_PHASE_STRIP = NO;
				DEBUG_INFORMATION_FORMAT = "dwarf-with-dsym";
				ENABLE_NS_ASSERTIONS = NO;
				ENABLE_STRICT_OBJC_MSGSEND = YES;
				GCC_C_LANGUAGE_STANDARD = gnu99;
				GCC_NO_COMMON_BLOCKS = YES;
				GCC_WARN_64_TO_32_BIT_CONVERSION = YES;
				GCC_WARN_ABOUT_RETURN_TYPE = YES_ERROR;
				GCC_WARN_UNDECLARED_SELECTOR = YES;
				GCC_WARN_UNINITIALIZED_AUTOS = YES_AGGRESSIVE;
				GCC_WARN_UNUSED_FUNCTION = YES;
				GCC_WARN_UNUSED_VARIABLE = YES;
				IPHONEOS_DEPLOYMENT_TARGET = 10.2;
				MTL_ENABLE_DEBUG_INFO = NO;
				SDKROOT = iphoneos;
				SWIFT_OPTIMIZATION_LEVEL = "-Owholemodule";
				VALIDATE_PRODUCT = YES;
			};
			name = Release;
		};
		66002DD91E0A5E8200BB4159 /* Debug */ = {
			isa = XCBuildConfiguration;
			buildSettings = {
				ASSETCATALOG_COMPILER_APPICON_NAME = AppIcon;
				DEVELOPMENT_TEAM = 8UM946Q2E5;
				INFOPLIST_FILE = NIC/Info.plist;
				LD_RUNPATH_SEARCH_PATHS = "$(inherited) @executable_path/Frameworks";
				PRODUCT_BUNDLE_IDENTIFIER = nic.zuhry.com.NIC;
				PRODUCT_NAME = "$(TARGET_NAME)";
				SWIFT_VERSION = 3.0;
			};
			name = Debug;
		};
		66002DDA1E0A5E8200BB4159 /* Release */ = {
			isa = XCBuildConfiguration;
			buildSettings = {
				ASSETCATALOG_COMPILER_APPICON_NAME = AppIcon;
				DEVELOPMENT_TEAM = 8UM946Q2E5;
				INFOPLIST_FILE = NIC/Info.plist;
				LD_RUNPATH_SEARCH_PATHS = "$(inherited) @executable_path/Frameworks";
				PRODUCT_BUNDLE_IDENTIFIER = nic.zuhry.com.NIC;
				PRODUCT_NAME = "$(TARGET_NAME)";
				SWIFT_VERSION = 3.0;
			};
			name = Release;
		};
		66002DDC1E0A5E8200BB4159 /* Debug */ = {
			isa = XCBuildConfiguration;
			buildSettings = {
				ALWAYS_EMBED_SWIFT_STANDARD_LIBRARIES = YES;
				BUNDLE_LOADER = "$(TEST_HOST)";
				DEVELOPMENT_TEAM = 8UM946Q2E5;
				INFOPLIST_FILE = NICTests/Info.plist;
				LD_RUNPATH_SEARCH_PATHS = "$(inherited) @executable_path/Frameworks @loader_path/Frameworks";
				PRODUCT_BUNDLE_IDENTIFIER = nic.zuhry.com.NICTests;
				PRODUCT_NAME = "$(TARGET_NAME)";
				SWIFT_VERSION = 3.0;
				TEST_HOST = "$(BUILT_PRODUCTS_DIR)/NIC.app/NIC";
			};
			name = Debug;
		};
		66002DDD1E0A5E8200BB4159 /* Release */ = {
			isa = XCBuildConfiguration;
			buildSettings = {
				ALWAYS_EMBED_SWIFT_STANDARD_LIBRARIES = YES;
				BUNDLE_LOADER = "$(TEST_HOST)";
				DEVELOPMENT_TEAM = 8UM946Q2E5;
				INFOPLIST_FILE = NICTests/Info.plist;
				LD_RUNPATH_SEARCH_PATHS = "$(inherited) @executable_path/Frameworks @loader_path/Frameworks";
				PRODUCT_BUNDLE_IDENTIFIER = nic.zuhry.com.NICTests;
				PRODUCT_NAME = "$(TARGET_NAME)";
				SWIFT_VERSION = 3.0;
				TEST_HOST = "$(BUILT_PRODUCTS_DIR)/NIC.app/NIC";
			};
			name = Release;
		};
		66002DDF1E0A5E8200BB4159 /* Debug */ = {
			isa = XCBuildConfiguration;
			buildSettings = {
				ALWAYS_EMBED_SWIFT_STANDARD_LIBRARIES = YES;
				DEVELOPMENT_TEAM = 8UM946Q2E5;
				INFOPLIST_FILE = NICUITests/Info.plist;
				LD_RUNPATH_SEARCH_PATHS = "$(inherited) @executable_path/Frameworks @loader_path/Frameworks";
				PRODUCT_BUNDLE_IDENTIFIER = nic.zuhry.com.NICUITests;
				PRODUCT_NAME = "$(TARGET_NAME)";
				SWIFT_VERSION = 3.0;
				TEST_TARGET_NAME = NIC;
			};
			name = Debug;
		};
		66002DE01E0A5E8200BB4159 /* Release */ = {
			isa = XCBuildConfiguration;
			buildSettings = {
				ALWAYS_EMBED_SWIFT_STANDARD_LIBRARIES = YES;
				DEVELOPMENT_TEAM = 8UM946Q2E5;
				INFOPLIST_FILE = NICUITests/Info.plist;
				LD_RUNPATH_SEARCH_PATHS = "$(inherited) @executable_path/Frameworks @loader_path/Frameworks";
				PRODUCT_BUNDLE_IDENTIFIER = nic.zuhry.com.NICUITests;
				PRODUCT_NAME = "$(TARGET_NAME)";
				SWIFT_VERSION = 3.0;
				TEST_TARGET_NAME = NIC;
			};
			name = Release;
		};
/* End XCBuildConfiguration section */

/* Begin XCConfigurationList section */
		66002DAB1E0A5E8200BB4159 /* Build configuration list for PBXProject "NIC" */ = {
			isa = XCConfigurationList;
			buildConfigurations = (
				66002DD61E0A5E8200BB4159 /* Debug */,
				66002DD71E0A5E8200BB4159 /* Release */,
			);
			defaultConfigurationIsVisible = 0;
			defaultConfigurationName = Release;
		};
		66002DD81E0A5E8200BB4159 /* Build configuration list for PBXNativeTarget "NIC" */ = {
			isa = XCConfigurationList;
			buildConfigurations = (
				66002DD91E0A5E8200BB4159 /* Debug */,
				66002DDA1E0A5E8200BB4159 /* Release */,
			);
			defaultConfigurationIsVisible = 0;
		};
		66002DDB1E0A5E8200BB4159 /* Build configuration list for PBXNativeTarget "NICTests" */ = {
			isa = XCConfigurationList;
			buildConfigurations = (
				66002DDC1E0A5E8200BB4159 /* Debug */,
				66002DDD1E0A5E8200BB4159 /* Release */,
			);
			defaultConfigurationIsVisible = 0;
		};
		66002DDE1E0A5E8200BB4159 /* Build configuration list for PBXNativeTarget "NICUITests" */ = {
			isa = XCConfigurationList;
			buildConfigurations = (
				66002DDF1E0A5E8200BB4159 /* Debug */,
				66002DE01E0A5E8200BB4159 /* Release */,
			);
			defaultConfigurationIsVisible = 0;
		};
/* End XCConfigurationList section */
	};
	rootObject = 66002DA81E0A5E8200BB4159 /* Project object */;
}
